
Microsoft Visual Studio Solution File, Format Version 12.00
# Visual Studio Version 17
VisualStudioVersion = 17.4.33205.214
MinimumVisualStudioVersion = 10.0.40219.1
Project("{9A19103F-16F7-4668-BE54-9A1E7A4F7556}") = "HospitalMVC", "WebApplication1\HospitalMVC.csproj", "{459364DD-6086-4387-ABAF-76BB0800535B}"
EndProject
Global
	GlobalSection(SolutionConfigurationPlatforms) = preSolution
		Debug|Any CPU = Debug|Any CPU
		Release|Any CPU = Release|Any CPU
	EndGlobalSection
	GlobalSection(ProjectConfigurationPlatforms) = postSolution
		{459364DD-6086-4387-ABAF-76BB0800535B}.Debug|Any CPU.ActiveCfg = Debug|Any CPU
		{459364DD-6086-4387-ABAF-76BB0800535B}.Debug|Any CPU.Build.0 = Debug|Any CPU
		{459364DD-6086-4387-ABAF-76BB0800535B}.Release|Any CPU.ActiveCfg = Release|Any CPU
		{459364DD-6086-4387-ABAF-76BB0800535B}.Release|Any CPU.Build.0 = Release|Any CPU
	EndGlobalSection
	GlobalSection(SolutionProperties) = preSolution
		HideSolutionNode = FALSE
	EndGlobalSection
	GlobalSection(ExtensibilityGlobals) = postSolution
		SolutionGuid = {99CD158E-1F4C-4F59-B875-0F8C2A7C8E13}
	EndGlobalSection
EndGlobal
